
Microsoft Visual Studio Solution File, Format Version 12.00
# Visual Studio Version 17
VisualStudioVersion = 17.11.35219.272
MinimumVisualStudioVersion = 10.0.40219.1
Project("{9A19103F-16F7-4668-BE54-9A1E7A4F7556}") = "BikeStore_API", "BikeStrore_API\BikeStore_API.csproj", "{72DE9928-C040-4390-BBCF-10DC8A55A5FD}"
EndProject
Global
	GlobalSection(SolutionConfigurationPlatforms) = preSolution
		Debug|Any CPU = Debug|Any CPU
		Release|Any CPU = Release|Any CPU
	EndGlobalSection
	GlobalSection(ProjectConfigurationPlatforms) = postSolution
		{72DE9928-C040-4390-BBCF-10DC8A55A5FD}.Debug|Any CPU.ActiveCfg = Debug|Any CPU
		{72DE9928-C040-4390-BBCF-10DC8A55A5FD}.Debug|Any CPU.Build.0 = Debug|Any CPU
		{72DE9928-C040-4390-BBCF-10DC8A55A5FD}.Release|Any CPU.ActiveCfg = Release|Any CPU
		{72DE9928-C040-4390-BBCF-10DC8A55A5FD}.Release|Any CPU.Build.0 = Release|Any CPU
	EndGlobalSection
	GlobalSection(SolutionProperties) = preSolution
		HideSolutionNode = FALSE
	EndGlobalSection
	GlobalSection(ExtensibilityGlobals) = postSolution
		SolutionGuid = {F73259F5-A196-44D1-8ADE-A12E1F8038EF}
	EndGlobalSection
EndGlobal
